
Microsoft Visual Studio Solution File, Format Version 12.00
# Visual Studio Version 17
VisualStudioVersion = 17.11.35208.52
MinimumVisualStudioVersion = 10.0.40219.1
Project("{FAE04EC0-301F-11D3-BF4B-00C04F79EFBC}") = "Ntier.BLL", "Ntier.BLL\Ntier.BLL.csproj", "{4FF67C57-5812-4D31-914F-7878B2F666F4}"
EndProject
Project("{FAE04EC0-301F-11D3-BF4B-00C04F79EFBC}") = "Ntier.DAL", "Ntier.DAL\Ntier.DAL.csproj", "{A51B29EA-92B5-4A5B-867F-1E0778A65504}"
EndProject
Project("{FAE04EC0-301F-11D3-BF4B-00C04F79EFBC}") = "Ntier.UI", "Ntier.UI\Ntier.UI.csproj", "{9A8C8D7A-5172-4667-9FE3-8E4C53CFF82A}"
EndProject
Global
	GlobalSection(SolutionConfigurationPlatforms) = preSolution
		Debug|Any CPU = Debug|Any CPU
		Release|Any CPU = Release|Any CPU
	EndGlobalSection
	GlobalSection(ProjectConfigurationPlatforms) = postSolution
		{4FF67C57-5812-4D31-914F-7878B2F666F4}.Debug|Any CPU.ActiveCfg = Debug|Any CPU
		{4FF67C57-5812-4D31-914F-7878B2F666F4}.Debug|Any CPU.Build.0 = Debug|Any CPU
		{4FF67C57-5812-4D31-914F-7878B2F666F4}.Release|Any CPU.ActiveCfg = Release|Any CPU
		{4FF67C57-5812-4D31-914F-7878B2F666F4}.Release|Any CPU.Build.0 = Release|Any CPU
		{A51B29EA-92B5-4A5B-867F-1E0778A65504}.Debug|Any CPU.ActiveCfg = Debug|Any CPU
		{A51B29EA-92B5-4A5B-867F-1E0778A65504}.Debug|Any CPU.Build.0 = Debug|Any CPU
		{A51B29EA-92B5-4A5B-867F-1E0778A65504}.Release|Any CPU.ActiveCfg = Release|Any CPU
		{A51B29EA-92B5-4A5B-867F-1E0778A65504}.Release|Any CPU.Build.0 = Release|Any CPU
		{9A8C8D7A-5172-4667-9FE3-8E4C53CFF82A}.Debug|Any CPU.ActiveCfg = Debug|Any CPU
		{9A8C8D7A-5172-4667-9FE3-8E4C53CFF82A}.Debug|Any CPU.Build.0 = Debug|Any CPU
		{9A8C8D7A-5172-4667-9FE3-8E4C53CFF82A}.Release|Any CPU.ActiveCfg = Release|Any CPU
		{9A8C8D7A-5172-4667-9FE3-8E4C53CFF82A}.Release|Any CPU.Build.0 = Release|Any CPU
	EndGlobalSection
	GlobalSection(SolutionProperties) = preSolution
		HideSolutionNode = FALSE
	EndGlobalSection
	GlobalSection(ExtensibilityGlobals) = postSolution
		SolutionGuid = {B3C94744-896F-4E23-B677-7F75AF0CBC83}
	EndGlobalSection
EndGlobal
